
Microsoft Visual Studio Solution File, Format Version 12.00
# Visual Studio 15
VisualStudioVersion = 15.0.27703.2042
MinimumVisualStudioVersion = 10.0.40219.1
Project("{2150E333-8FDC-42A3-9474-1A3956D46DE8}") = "Examples", "Examples", "{B206ADEE-424A-498F-A5F3-35A107683534}"
EndProject
Project("{8BC9CEB8-8B4A-11D0-8D11-00A0C91BC942}") = "Vulkan Wrapper", "Vulkan Wraper.vcxproj", "{C97CFF6A-1557-4D3D-A7EF-3402D3961BD7}"
EndProject
Project("{8BC9CEB8-8B4A-11D0-8D11-00A0C91BC942}") = "Vulkan Wrapper Test", "test\Vulkan Wraper Test\Vulkan Wraper Test.vcxproj", "{B5217D68-836E-48E8-8026-EE9B7A6BD3CF}"
EndProject
Project("{8BC9CEB8-8B4A-11D0-8D11-00A0C91BC942}") = "Triangle", "examples\Triangle\Triangle.vcxproj", "{37670DCF-9EB0-40A3-B18B-60FA8FAC84F1}"
EndProject
Project("{2150E333-8FDC-42A3-9474-1A3956D46DE8}") = "Dev", "Dev", "{EFD487C4-45C8-47BC-8AAD-788BEBAC8D07}"
EndProject
Project("{2150E333-8FDC-42A3-9474-1A3956D46DE8}") = "Basics", "Basics", "{3FF7C071-1C59-4D6F-9278-B9796FF2EDA7}"
EndProject
Project("{8BC9CEB8-8B4A-11D0-8D11-00A0C91BC942}") = "Library Tests", "examples\Libarary Tests\Library Tests.vcxproj", "{DAAACE6B-ADDA-47A5-B849-A4F3749EA747}"
EndProject
Project("{8BC9CEB8-8B4A-11D0-8D11-00A0C91BC942}") = "Pipelines", "examples\Pipelines\Pipelines.vcxproj", "{BDEF43CA-05B2-44DA-A9CA-C40E66D01B5A}"
EndProject
Project("{8BC9CEB8-8B4A-11D0-8D11-00A0C91BC942}") = "ExampleBase", "examples\ExampleBase\ExampleBase.vcxproj", "{86B7CE5C-5138-44B5-BB98-C1B65BF2D6F5}"
EndProject
Project("{8BC9CEB8-8B4A-11D0-8D11-00A0C91BC942}") = "DescriptorSets", "examples\DescriptorSets\DescriptorSets.vcxproj", "{D7530B02-A9B0-4383-9C55-9C1F2F2BF8AE}"
EndProject
Project("{2150E333-8FDC-42A3-9474-1A3956D46DE8}") = "Advanced", "Advanced", "{B87412A5-1C53-4102-8B81-9318C7DEF0E7}"
EndProject
Project("{8BC9CEB8-8B4A-11D0-8D11-00A0C91BC942}") = "DynamicUniformBuffer", "examples\DynamicUniformBuffer\DynamicUniformBuffer.vcxproj", "{52BE891C-ECFB-495D-8A35-EC0E906EF4C0}"
EndProject
Project("{8BC9CEB8-8B4A-11D0-8D11-00A0C91BC942}") = "PushConstants", "examples\PushConstants\PushConstants.vcxproj", "{A5CBD4C8-2E7C-4E01-8957-2F126A47C789}"
EndProject
Project("{8BC9CEB8-8B4A-11D0-8D11-00A0C91BC942}") = "ModelRendering", "examples\ModelRendering\ModelRendering.vcxproj", "{6737B5F0-6F61-4A6A-928E-3715C99E3D9C}"
EndProject
Project("{8BC9CEB8-8B4A-11D0-8D11-00A0C91BC942}") = "TextureMapping", "examples\TextureMapping\TextureMapping.vcxproj", "{D78316B6-9711-4219-9CD8-00E8EEB4A61C}"
EndProject
Project("{8BC9CEB8-8B4A-11D0-8D11-00A0C91BC942}") = "SpecializationConstants", "examples\SpecializationConstants\SpecializationConstants.vcxproj", "{817F80B0-FB41-486F-976A-824736E36A24}"
EndProject
Project("{8BC9CEB8-8B4A-11D0-8D11-00A0C91BC942}") = "TextureCubeMap", "examples\TextureCubeMap\TextureCubeMap.vcxproj", "{196DC1A3-7E3F-48E8-B9C9-FD9C1DD00522}"
EndProject
Project("{8BC9CEB8-8B4A-11D0-8D11-00A0C91BC942}") = "ALL_BUILD", "examples\ALL_BUILD\ALL_BUILD.vcxproj", "{8E46EDBD-A62B-4678-A2C6-9D2EA3242368}"
EndProject
Global
	GlobalSection(SolutionConfigurationPlatforms) = preSolution
		Debug|x64 = Debug|x64
		Debug|x86 = Debug|x86
		Release|x64 = Release|x64
		Release|x86 = Release|x86
	EndGlobalSection
	GlobalSection(ProjectConfigurationPlatforms) = postSolution
		{C97CFF6A-1557-4D3D-A7EF-3402D3961BD7}.Debug|x64.ActiveCfg = Debug|x64
		{C97CFF6A-1557-4D3D-A7EF-3402D3961BD7}.Debug|x64.Build.0 = Debug|x64
		{C97CFF6A-1557-4D3D-A7EF-3402D3961BD7}.Debug|x86.ActiveCfg = Debug|Win32
		{C97CFF6A-1557-4D3D-A7EF-3402D3961BD7}.Debug|x86.Build.0 = Debug|Win32
		{C97CFF6A-1557-4D3D-A7EF-3402D3961BD7}.Release|x64.ActiveCfg = Release|x64
		{C97CFF6A-1557-4D3D-A7EF-3402D3961BD7}.Release|x64.Build.0 = Release|x64
		{C97CFF6A-1557-4D3D-A7EF-3402D3961BD7}.Release|x86.ActiveCfg = Release|Win32
		{C97CFF6A-1557-4D3D-A7EF-3402D3961BD7}.Release|x86.Build.0 = Release|Win32
		{B5217D68-836E-48E8-8026-EE9B7A6BD3CF}.Debug|x64.ActiveCfg = Debug|x64
		{B5217D68-836E-48E8-8026-EE9B7A6BD3CF}.Debug|x64.Build.0 = Debug|x64
		{B5217D68-836E-48E8-8026-EE9B7A6BD3CF}.Debug|x86.ActiveCfg = Debug|Win32
		{B5217D68-836E-48E8-8026-EE9B7A6BD3CF}.Debug|x86.Build.0 = Debug|Win32
		{B5217D68-836E-48E8-8026-EE9B7A6BD3CF}.Release|x64.ActiveCfg = Release|x64
		{B5217D68-836E-48E8-8026-EE9B7A6BD3CF}.Release|x64.Build.0 = Release|x64
		{B5217D68-836E-48E8-8026-EE9B7A6BD3CF}.Release|x86.ActiveCfg = Release|Win32
		{B5217D68-836E-48E8-8026-EE9B7A6BD3CF}.Release|x86.Build.0 = Release|Win32
		{37670DCF-9EB0-40A3-B18B-60FA8FAC84F1}.Debug|x64.ActiveCfg = Debug|x64
		{37670DCF-9EB0-40A3-B18B-60FA8FAC84F1}.Debug|x64.Build.0 = Debug|x64
		{37670DCF-9EB0-40A3-B18B-60FA8FAC84F1}.Debug|x86.ActiveCfg = Debug|Win32
		{37670DCF-9EB0-40A3-B18B-60FA8FAC84F1}.Debug|x86.Build.0 = Debug|Win32
		{37670DCF-9EB0-40A3-B18B-60FA8FAC84F1}.Release|x64.ActiveCfg = Release|x64
		{37670DCF-9EB0-40A3-B18B-60FA8FAC84F1}.Release|x64.Build.0 = Release|x64
		{37670DCF-9EB0-40A3-B18B-60FA8FAC84F1}.Release|x86.ActiveCfg = Release|Win32
		{37670DCF-9EB0-40A3-B18B-60FA8FAC84F1}.Release|x86.Build.0 = Release|Win32
		{DAAACE6B-ADDA-47A5-B849-A4F3749EA747}.Debug|x64.ActiveCfg = Debug|x64
		{DAAACE6B-ADDA-47A5-B849-A4F3749EA747}.Debug|x64.Build.0 = Debug|x64
		{DAAACE6B-ADDA-47A5-B849-A4F3749EA747}.Debug|x86.ActiveCfg = Debug|Win32
		{DAAACE6B-ADDA-47A5-B849-A4F3749EA747}.Debug|x86.Build.0 = Debug|Win32
		{DAAACE6B-ADDA-47A5-B849-A4F3749EA747}.Release|x64.ActiveCfg = Release|x64
		{DAAACE6B-ADDA-47A5-B849-A4F3749EA747}.Release|x64.Build.0 = Release|x64
		{DAAACE6B-ADDA-47A5-B849-A4F3749EA747}.Release|x86.ActiveCfg = Release|Win32
		{DAAACE6B-ADDA-47A5-B849-A4F3749EA747}.Release|x86.Build.0 = Release|Win32
		{BDEF43CA-05B2-44DA-A9CA-C40E66D01B5A}.Debug|x64.ActiveCfg = Debug|x64
		{BDEF43CA-05B2-44DA-A9CA-C40E66D01B5A}.Debug|x64.Build.0 = Debug|x64
		{BDEF43CA-05B2-44DA-A9CA-C40E66D01B5A}.Debug|x86.ActiveCfg = Debug|Win32
		{BDEF43CA-05B2-44DA-A9CA-C40E66D01B5A}.Debug|x86.Build.0 = Debug|Win32
		{BDEF43CA-05B2-44DA-A9CA-C40E66D01B5A}.Release|x64.ActiveCfg = Release|x64
		{BDEF43CA-05B2-44DA-A9CA-C40E66D01B5A}.Release|x64.Build.0 = Release|x64
		{BDEF43CA-05B2-44DA-A9CA-C40E66D01B5A}.Release|x86.ActiveCfg = Release|Win32
		{BDEF43CA-05B2-44DA-A9CA-C40E66D01B5A}.Release|x86.Build.0 = Release|Win32
		{86B7CE5C-5138-44B5-BB98-C1B65BF2D6F5}.Debug|x64.ActiveCfg = Debug|x64
		{86B7CE5C-5138-44B5-BB98-C1B65BF2D6F5}.Debug|x64.Build.0 = Debug|x64
		{86B7CE5C-5138-44B5-BB98-C1B65BF2D6F5}.Debug|x86.ActiveCfg = Debug|Win32
		{86B7CE5C-5138-44B5-BB98-C1B65BF2D6F5}.Debug|x86.Build.0 = Debug|Win32
		{86B7CE5C-5138-44B5-BB98-C1B65BF2D6F5}.Release|x64.ActiveCfg = Release|x64
		{86B7CE5C-5138-44B5-BB98-C1B65BF2D6F5}.Release|x64.Build.0 = Release|x64
		{86B7CE5C-5138-44B5-BB98-C1B65BF2D6F5}.Release|x86.ActiveCfg = Release|Win32
		{86B7CE5C-5138-44B5-BB98-C1B65BF2D6F5}.Release|x86.Build.0 = Release|Win32
		{D7530B02-A9B0-4383-9C55-9C1F2F2BF8AE}.Debug|x64.ActiveCfg = Debug|x64
		{D7530B02-A9B0-4383-9C55-9C1F2F2BF8AE}.Debug|x64.Build.0 = Debug|x64
		{D7530B02-A9B0-4383-9C55-9C1F2F2BF8AE}.Debug|x86.ActiveCfg = Debug|Win32
		{D7530B02-A9B0-4383-9C55-9C1F2F2BF8AE}.Debug|x86.Build.0 = Debug|Win32
		{D7530B02-A9B0-4383-9C55-9C1F2F2BF8AE}.Release|x64.ActiveCfg = Release|x64
		{D7530B02-A9B0-4383-9C55-9C1F2F2BF8AE}.Release|x64.Build.0 = Release|x64
		{D7530B02-A9B0-4383-9C55-9C1F2F2BF8AE}.Release|x86.ActiveCfg = Release|Win32
		{D7530B02-A9B0-4383-9C55-9C1F2F2BF8AE}.Release|x86.Build.0 = Release|Win32
		{52BE891C-ECFB-495D-8A35-EC0E906EF4C0}.Debug|x64.ActiveCfg = Debug|x64
		{52BE891C-ECFB-495D-8A35-EC0E906EF4C0}.Debug|x64.Build.0 = Debug|x64
		{52BE891C-ECFB-495D-8A35-EC0E906EF4C0}.Debug|x86.ActiveCfg = Debug|Win32
		{52BE891C-ECFB-495D-8A35-EC0E906EF4C0}.Debug|x86.Build.0 = Debug|Win32
		{52BE891C-ECFB-495D-8A35-EC0E906EF4C0}.Release|x64.ActiveCfg = Release|x64
		{52BE891C-ECFB-495D-8A35-EC0E906EF4C0}.Release|x64.Build.0 = Release|x64
		{52BE891C-ECFB-495D-8A35-EC0E906EF4C0}.Release|x86.ActiveCfg = Release|Win32
		{52BE891C-ECFB-495D-8A35-EC0E906EF4C0}.Release|x86.Build.0 = Release|Win32
		{A5CBD4C8-2E7C-4E01-8957-2F126A47C789}.Debug|x64.ActiveCfg = Debug|x64
		{A5CBD4C8-2E7C-4E01-8957-2F126A47C789}.Debug|x64.Build.0 = Debug|x64
		{A5CBD4C8-2E7C-4E01-8957-2F126A47C789}.Debug|x86.ActiveCfg = Debug|Win32
		{A5CBD4C8-2E7C-4E01-8957-2F126A47C789}.Debug|x86.Build.0 = Debug|Win32
		{A5CBD4C8-2E7C-4E01-8957-2F126A47C789}.Release|x64.ActiveCfg = Release|x64
		{A5CBD4C8-2E7C-4E01-8957-2F126A47C789}.Release|x64.Build.0 = Release|x64
		{A5CBD4C8-2E7C-4E01-8957-2F126A47C789}.Release|x86.ActiveCfg = Release|Win32
		{A5CBD4C8-2E7C-4E01-8957-2F126A47C789}.Release|x86.Build.0 = Release|Win32
		{6737B5F0-6F61-4A6A-928E-3715C99E3D9C}.Debug|x64.ActiveCfg = Debug|x64
		{6737B5F0-6F61-4A6A-928E-3715C99E3D9C}.Debug|x64.Build.0 = Debug|x64
		{6737B5F0-6F61-4A6A-928E-3715C99E3D9C}.Debug|x86.ActiveCfg = Debug|Win32
		{6737B5F0-6F61-4A6A-928E-3715C99E3D9C}.Debug|x86.Build.0 = Debug|Win32
		{6737B5F0-6F61-4A6A-928E-3715C99E3D9C}.Release|x64.ActiveCfg = Release|x64
		{6737B5F0-6F61-4A6A-928E-3715C99E3D9C}.Release|x64.Build.0 = Release|x64
		{6737B5F0-6F61-4A6A-928E-3715C99E3D9C}.Release|x86.ActiveCfg = Release|Win32
		{6737B5F0-6F61-4A6A-928E-3715C99E3D9C}.Release|x86.Build.0 = Release|Win32
		{D78316B6-9711-4219-9CD8-00E8EEB4A61C}.Debug|x64.ActiveCfg = Debug|x64
		{D78316B6-9711-4219-9CD8-00E8EEB4A61C}.Debug|x64.Build.0 = Debug|x64
		{D78316B6-9711-4219-9CD8-00E8EEB4A61C}.Debug|x86.ActiveCfg = Debug|Win32
		{D78316B6-9711-4219-9CD8-00E8EEB4A61C}.Debug|x86.Build.0 = Debug|Win32
		{D78316B6-9711-4219-9CD8-00E8EEB4A61C}.Release|x64.ActiveCfg = Release|x64
		{D78316B6-9711-4219-9CD8-00E8EEB4A61C}.Release|x64.Build.0 = Release|x64
		{D78316B6-9711-4219-9CD8-00E8EEB4A61C}.Release|x86.ActiveCfg = Release|Win32
		{D78316B6-9711-4219-9CD8-00E8EEB4A61C}.Release|x86.Build.0 = Release|Win32
		{817F80B0-FB41-486F-976A-824736E36A24}.Debug|x64.ActiveCfg = Debug|x64
		{817F80B0-FB41-486F-976A-824736E36A24}.Debug|x64.Build.0 = Debug|x64
		{817F80B0-FB41-486F-976A-824736E36A24}.Debug|x86.ActiveCfg = Debug|Win32
		{817F80B0-FB41-486F-976A-824736E36A24}.Debug|x86.Build.0 = Debug|Win32
		{817F80B0-FB41-486F-976A-824736E36A24}.Release|x64.ActiveCfg = Release|x64
		{817F80B0-FB41-486F-976A-824736E36A24}.Release|x64.Build.0 = Release|x64
		{817F80B0-FB41-486F-976A-824736E36A24}.Release|x86.ActiveCfg = Release|Win32
		{817F80B0-FB41-486F-976A-824736E36A24}.Release|x86.Build.0 = Release|Win32
		{196DC1A3-7E3F-48E8-B9C9-FD9C1DD00522}.Debug|x64.ActiveCfg = Debug|x64
		{196DC1A3-7E3F-48E8-B9C9-FD9C1DD00522}.Debug|x64.Build.0 = Debug|x64
		{196DC1A3-7E3F-48E8-B9C9-FD9C1DD00522}.Debug|x86.ActiveCfg = Debug|Win32
		{196DC1A3-7E3F-48E8-B9C9-FD9C1DD00522}.Debug|x86.Build.0 = Debug|Win32
		{196DC1A3-7E3F-48E8-B9C9-FD9C1DD00522}.Release|x64.ActiveCfg = Release|x64
		{196DC1A3-7E3F-48E8-B9C9-FD9C1DD00522}.Release|x64.Build.0 = Release|x64
		{196DC1A3-7E3F-48E8-B9C9-FD9C1DD00522}.Release|x86.ActiveCfg = Release|Win32
		{196DC1A3-7E3F-48E8-B9C9-FD9C1DD00522}.Release|x86.Build.0 = Release|Win32
		{8E46EDBD-A62B-4678-A2C6-9D2EA3242368}.Debug|x64.ActiveCfg = Debug|x64
		{8E46EDBD-A62B-4678-A2C6-9D2EA3242368}.Debug|x64.Build.0 = Debug|x64
		{8E46EDBD-A62B-4678-A2C6-9D2EA3242368}.Debug|x86.ActiveCfg = Debug|Win32
		{8E46EDBD-A62B-4678-A2C6-9D2EA3242368}.Debug|x86.Build.0 = Debug|Win32
		{8E46EDBD-A62B-4678-A2C6-9D2EA3242368}.Release|x64.ActiveCfg = Release|x64
		{8E46EDBD-A62B-4678-A2C6-9D2EA3242368}.Release|x64.Build.0 = Release|x64
		{8E46EDBD-A62B-4678-A2C6-9D2EA3242368}.Release|x86.ActiveCfg = Release|Win32
		{8E46EDBD-A62B-4678-A2C6-9D2EA3242368}.Release|x86.Build.0 = Release|Win32
	EndGlobalSection
	GlobalSection(SolutionProperties) = preSolution
		HideSolutionNode = FALSE
	EndGlobalSection
	GlobalSection(NestedProjects) = preSolution
		{C97CFF6A-1557-4D3D-A7EF-3402D3961BD7} = {EFD487C4-45C8-47BC-8AAD-788BEBAC8D07}
		{B5217D68-836E-48E8-8026-EE9B7A6BD3CF} = {EFD487C4-45C8-47BC-8AAD-788BEBAC8D07}
		{37670DCF-9EB0-40A3-B18B-60FA8FAC84F1} = {3FF7C071-1C59-4D6F-9278-B9796FF2EDA7}
		{3FF7C071-1C59-4D6F-9278-B9796FF2EDA7} = {B206ADEE-424A-498F-A5F3-35A107683534}
		{DAAACE6B-ADDA-47A5-B849-A4F3749EA747} = {B206ADEE-424A-498F-A5F3-35A107683534}
		{BDEF43CA-05B2-44DA-A9CA-C40E66D01B5A} = {3FF7C071-1C59-4D6F-9278-B9796FF2EDA7}
		{86B7CE5C-5138-44B5-BB98-C1B65BF2D6F5} = {B206ADEE-424A-498F-A5F3-35A107683534}
		{D7530B02-A9B0-4383-9C55-9C1F2F2BF8AE} = {3FF7C071-1C59-4D6F-9278-B9796FF2EDA7}
		{B87412A5-1C53-4102-8B81-9318C7DEF0E7} = {B206ADEE-424A-498F-A5F3-35A107683534}
		{52BE891C-ECFB-495D-8A35-EC0E906EF4C0} = {3FF7C071-1C59-4D6F-9278-B9796FF2EDA7}
		{A5CBD4C8-2E7C-4E01-8957-2F126A47C789} = {3FF7C071-1C59-4D6F-9278-B9796FF2EDA7}
		{6737B5F0-6F61-4A6A-928E-3715C99E3D9C} = {3FF7C071-1C59-4D6F-9278-B9796FF2EDA7}
		{D78316B6-9711-4219-9CD8-00E8EEB4A61C} = {3FF7C071-1C59-4D6F-9278-B9796FF2EDA7}
		{817F80B0-FB41-486F-976A-824736E36A24} = {3FF7C071-1C59-4D6F-9278-B9796FF2EDA7}
		{196DC1A3-7E3F-48E8-B9C9-FD9C1DD00522} = {3FF7C071-1C59-4D6F-9278-B9796FF2EDA7}
		{8E46EDBD-A62B-4678-A2C6-9D2EA3242368} = {B206ADEE-424A-498F-A5F3-35A107683534}
	EndGlobalSection
	GlobalSection(ExtensibilityGlobals) = postSolution
		SolutionGuid = {CC8521A8-46D6-4400-AA99-3FAA21105DF3}
	EndGlobalSection
EndGlobal
