<?xml version="1.0" encoding="utf-8"?>
<Project ToolsVersion="4.0" xmlns="http://schemas.microsoft.com/developer/msbuild/2003">
  <ItemGroup>
    <Filter Include="Source">
      <UniqueIdentifier>{adec5392-11ee-4204-9c1f-59071355c061}</UniqueIdentifier>
    </Filter>
    <Filter Include="Source\Header Files">
      <UniqueIdentifier>{81edc1c4-6b5c-4285-bc40-8206dda93af9}</UniqueIdentifier>
    </Filter>
    <Filter Include="Source\Source Files">
      <UniqueIdentifier>{bafa3ee8-2d95-4c0a-8c01-78bd05804cab}</UniqueIdentifier>
    </Filter>
  </ItemGroup>
  <ItemGroup>
    <ClCompile Include="ExampleBase.cpp">
      <Filter>Source\Source Files</Filter>
    </ClCompile>
    <ClCompile Include="Model.cpp">
      <Filter>Source\Source Files</Filter>
    </ClCompile>
    <ClCompile Include="Mesh.cpp">
      <Filter>Source\Source Files</Filter>
    </ClCompile>
    <ClCompile Include="Texture.cpp">
      <Filter>Source\Source Files</Filter>
    </ClCompile>
  </ItemGroup>
  <ItemGroup>
    <ClInclude Include="ExampleBase.h">
      <Filter>Source\Header Files</Filter>
    </ClInclude>
    <ClInclude Include="Window.hpp">
      <Filter>Source\Header Files</Filter>
    </ClInclude>
    <ClInclude Include="Model.h">
      <Filter>Source\Header Files</Filter>
    </ClInclude>
    <ClInclude Include="Mesh.h">
      <Filter>Source\Header Files</Filter>
    </ClInclude>
    <ClInclude Include="VkInitializers.hpp">
      <Filter>Source\Header Files</Filter>
    </ClInclude>
    <ClInclude Include="Texture.h">
      <Filter>Source\Header Files</Filter>
    </ClInclude>
  </ItemGroup>
</Project>